
Microsoft Visual Studio Solution File, Format Version 12.00
# Visual Studio Version 17
VisualStudioVersion = 17.3.32929.385
MinimumVisualStudioVersion = 10.0.40219.1
Project("{2150E333-8FDC-42A3-9474-1A3956D46DE8}") = "0.Root", "0.Root", "{6E093A62-E7FD-4E80-B38E-EACDECB2CD44}"
	ProjectSection(SolutionItems) = preProject
		src\.editorconfig = src\.editorconfig
		.gitignore = .gitignore
		.gitmodules = .gitmodules
		.github\workflows\CI.yml = .github\workflows\CI.yml
		src\Directory.Build.props = src\Directory.Build.props
		ref\DirectoryPackages\Directory.Packages.props = ref\DirectoryPackages\Directory.Packages.props
		src\GeneratePackage.props = src\GeneratePackage.props
		nuget.config = nuget.config
		README.md = README.md
	EndProjectSection
EndProject
Project("{9A19103F-16F7-4668-BE54-9A1E7A4F7556}") = "BD.SteamClient", "src\BD.SteamClient\BD.SteamClient.csproj", "{775FD784-5FB7-4A03-B9D8-1DB912D0417E}"
EndProject
Project("{9A19103F-16F7-4668-BE54-9A1E7A4F7556}") = "BD.SteamClient.UnitTest", "src\BD.SteamClient.UnitTest\BD.SteamClient.UnitTest.csproj", "{EAAF7DE4-C46D-4E1D-9DD8-9796FD4C4E89}"
EndProject
Project("{2150E333-8FDC-42A3-9474-1A3956D46DE8}") = "TFM", "TFM", "{346C7617-6ACE-4512-9C0F-A52374EAEF28}"
	ProjectSection(SolutionItems) = preProject
		src\TFM_NETX.props = src\TFM_NETX.props
		src\TFM_NETX_SINGLE.props = src\TFM_NETX_SINGLE.props
		src\TFM_NETX_WINDOWS.props = src\TFM_NETX_WINDOWS.props
		src\TFM_NETX_WITH_ALL.props = src\TFM_NETX_WITH_ALL.props
		src\TFM_NETX_WITH_DESKTOP.props = src\TFM_NETX_WITH_DESKTOP.props
		src\TFM_NETX_WITH_WINDOWS.props = src\TFM_NETX_WITH_WINDOWS.props
	EndProjectSection
EndProject
Project("{2150E333-8FDC-42A3-9474-1A3956D46DE8}") = "ImplicitUsings", "ImplicitUsings", "{15259751-42F0-447E-99FE-53DF81B67E35}"
	ProjectSection(SolutionItems) = preProject
		src\ImplicitUsings.AspNetCore.cs = src\ImplicitUsings.AspNetCore.cs
		src\ImplicitUsings.AutoMapper.cs = src\ImplicitUsings.AutoMapper.cs
		src\ImplicitUsings.Avalonia.cs = src\ImplicitUsings.Avalonia.cs
		src\ImplicitUsings.BCL.cs = src\ImplicitUsings.BCL.cs
		src\ImplicitUsings.Common.cs = src\ImplicitUsings.Common.cs
		src\ImplicitUsings.Common.Mvvm.cs = src\ImplicitUsings.Common.Mvvm.cs
		src\ImplicitUsings.Constants.cs = src\ImplicitUsings.Constants.cs
		src\ImplicitUsings.Controllers.cs = src\ImplicitUsings.Controllers.cs
		src\ImplicitUsings.Data.cs = src\ImplicitUsings.Data.cs
		src\ImplicitUsings.EntityFrameworkCore.cs = src\ImplicitUsings.EntityFrameworkCore.cs
		src\ImplicitUsings.Enums.cs = src\ImplicitUsings.Enums.cs
		src\ImplicitUsings.Helpers.cs = src\ImplicitUsings.Helpers.cs
		src\ImplicitUsings.Identity.cs = src\ImplicitUsings.Identity.cs
		src\ImplicitUsings.JsonProperty.cs = src\ImplicitUsings.JsonProperty.cs
		src\ImplicitUsings.JWT.cs = src\ImplicitUsings.JWT.cs
		src\ImplicitUsings.MessagePack.cs = src\ImplicitUsings.MessagePack.cs
		src\ImplicitUsings.Models.cs = src\ImplicitUsings.Models.cs
		src\ImplicitUsings.MSEX.cs = src\ImplicitUsings.MSEX.cs
		src\ImplicitUsings.Nito.cs = src\ImplicitUsings.Nito.cs
		src\ImplicitUsings.NLog.cs = src\ImplicitUsings.NLog.cs
		src\ImplicitUsings.Primitives.cs = src\ImplicitUsings.Primitives.cs
		src\ImplicitUsings.Quartz.cs = src\ImplicitUsings.Quartz.cs
		src\ImplicitUsings.R.cs = src\ImplicitUsings.R.cs
		src\ImplicitUsings.ReactiveUI.cs = src\ImplicitUsings.ReactiveUI.cs
		src\ImplicitUsings.Repositories.cs = src\ImplicitUsings.Repositories.cs
		src\ImplicitUsings.Services.cs = src\ImplicitUsings.Services.cs
		src\ImplicitUsings.System.Management.cs = src\ImplicitUsings.System.Management.cs
		src\ImplicitUsings.UnitTest.cs = src\ImplicitUsings.UnitTest.cs
	EndProjectSection
EndProject
Project("{2150E333-8FDC-42A3-9474-1A3956D46DE8}") = "1.Reference", "1.Reference", "{CF36291E-D496-4D2E-8D3F-EA2E643FEAE3}"
EndProject
Project("{9A19103F-16F7-4668-BE54-9A1E7A4F7556}") = "SAM.API", "ref\SteamAchievementManager\SAM.API\SAM.API.csproj", "{432572EE-05CC-4176-AA97-17064F0F4A5B}"
EndProject
Project("{9A19103F-16F7-4668-BE54-9A1E7A4F7556}") = "Gameloop.Vdf", "ref\Gameloop.Vdf\Gameloop.Vdf\Gameloop.Vdf.csproj", "{60751B99-F817-423B-A0F8-3D240BE658D6}"
EndProject
Project("{9A19103F-16F7-4668-BE54-9A1E7A4F7556}") = "Steam4NET", "ref\Steam4NET\Steam4NET\Steam4NET.csproj", "{47866076-0F25-42FE-8AB0-42EADD3FA322}"
EndProject
Project("{2150E333-8FDC-42A3-9474-1A3956D46DE8}") = "Source", "Source", "{EF6DFA6D-B9B4-4E6B-860E-4A4AA80B4060}"
	ProjectSection(SolutionItems) = preProject
		src\AssemblyInfo.cs = src\AssemblyInfo.cs
		src\Utils.cs = src\Utils.cs
	EndProjectSection
EndProject
Project("{9A19103F-16F7-4668-BE54-9A1E7A4F7556}") = "ValveKeyValue", "ref\ValveKeyValue\ValveKeyValue\ValveKeyValue\ValveKeyValue.csproj", "{D93F2D56-466D-483C-B114-327C26E6F4D4}"
EndProject
Project("{FAE04EC0-301F-11D3-BF4B-00C04F79EFBC}") = "BD.SteamClient.Models.Protobuf", "src\BD.SteamClient.Models.Protobuf\BD.SteamClient.Models.Protobuf.csproj", "{C6FD46A6-636E-4B2E-863D-331B973A3B4A}"
EndProject
Global
	GlobalSection(SolutionConfigurationPlatforms) = preSolution
		Debug|Any CPU = Debug|Any CPU
		Release|Any CPU = Release|Any CPU
	EndGlobalSection
	GlobalSection(ProjectConfigurationPlatforms) = postSolution
		{775FD784-5FB7-4A03-B9D8-1DB912D0417E}.Debug|Any CPU.ActiveCfg = Debug|Any CPU
		{775FD784-5FB7-4A03-B9D8-1DB912D0417E}.Debug|Any CPU.Build.0 = Debug|Any CPU
		{775FD784-5FB7-4A03-B9D8-1DB912D0417E}.Release|Any CPU.ActiveCfg = Release|Any CPU
		{775FD784-5FB7-4A03-B9D8-1DB912D0417E}.Release|Any CPU.Build.0 = Release|Any CPU
		{EAAF7DE4-C46D-4E1D-9DD8-9796FD4C4E89}.Debug|Any CPU.ActiveCfg = Debug|Any CPU
		{EAAF7DE4-C46D-4E1D-9DD8-9796FD4C4E89}.Debug|Any CPU.Build.0 = Debug|Any CPU
		{EAAF7DE4-C46D-4E1D-9DD8-9796FD4C4E89}.Release|Any CPU.ActiveCfg = Release|Any CPU
		{EAAF7DE4-C46D-4E1D-9DD8-9796FD4C4E89}.Release|Any CPU.Build.0 = Release|Any CPU
		{432572EE-05CC-4176-AA97-17064F0F4A5B}.Debug|Any CPU.ActiveCfg = Debug|Any CPU
		{432572EE-05CC-4176-AA97-17064F0F4A5B}.Debug|Any CPU.Build.0 = Debug|Any CPU
		{432572EE-05CC-4176-AA97-17064F0F4A5B}.Release|Any CPU.ActiveCfg = Release|Any CPU
		{432572EE-05CC-4176-AA97-17064F0F4A5B}.Release|Any CPU.Build.0 = Release|Any CPU
		{60751B99-F817-423B-A0F8-3D240BE658D6}.Debug|Any CPU.ActiveCfg = Debug|Any CPU
		{60751B99-F817-423B-A0F8-3D240BE658D6}.Debug|Any CPU.Build.0 = Debug|Any CPU
		{60751B99-F817-423B-A0F8-3D240BE658D6}.Release|Any CPU.ActiveCfg = Release|Any CPU
		{60751B99-F817-423B-A0F8-3D240BE658D6}.Release|Any CPU.Build.0 = Release|Any CPU
		{47866076-0F25-42FE-8AB0-42EADD3FA322}.Debug|Any CPU.ActiveCfg = Debug|Any CPU
		{47866076-0F25-42FE-8AB0-42EADD3FA322}.Debug|Any CPU.Build.0 = Debug|Any CPU
		{47866076-0F25-42FE-8AB0-42EADD3FA322}.Release|Any CPU.ActiveCfg = Release|Any CPU
		{47866076-0F25-42FE-8AB0-42EADD3FA322}.Release|Any CPU.Build.0 = Release|Any CPU
		{D93F2D56-466D-483C-B114-327C26E6F4D4}.Debug|Any CPU.ActiveCfg = Debug|Any CPU
		{D93F2D56-466D-483C-B114-327C26E6F4D4}.Debug|Any CPU.Build.0 = Debug|Any CPU
		{D93F2D56-466D-483C-B114-327C26E6F4D4}.Release|Any CPU.ActiveCfg = Release|Any CPU
		{D93F2D56-466D-483C-B114-327C26E6F4D4}.Release|Any CPU.Build.0 = Release|Any CPU
		{C6FD46A6-636E-4B2E-863D-331B973A3B4A}.Debug|Any CPU.ActiveCfg = Debug|Any CPU
		{C6FD46A6-636E-4B2E-863D-331B973A3B4A}.Debug|Any CPU.Build.0 = Debug|Any CPU
		{C6FD46A6-636E-4B2E-863D-331B973A3B4A}.Release|Any CPU.ActiveCfg = Release|Any CPU
		{C6FD46A6-636E-4B2E-863D-331B973A3B4A}.Release|Any CPU.Build.0 = Release|Any CPU
	EndGlobalSection
	GlobalSection(SolutionProperties) = preSolution
		HideSolutionNode = FALSE
	EndGlobalSection
	GlobalSection(NestedProjects) = preSolution
		{346C7617-6ACE-4512-9C0F-A52374EAEF28} = {6E093A62-E7FD-4E80-B38E-EACDECB2CD44}
		{15259751-42F0-447E-99FE-53DF81B67E35} = {6E093A62-E7FD-4E80-B38E-EACDECB2CD44}
		{432572EE-05CC-4176-AA97-17064F0F4A5B} = {CF36291E-D496-4D2E-8D3F-EA2E643FEAE3}
		{60751B99-F817-423B-A0F8-3D240BE658D6} = {CF36291E-D496-4D2E-8D3F-EA2E643FEAE3}
		{47866076-0F25-42FE-8AB0-42EADD3FA322} = {CF36291E-D496-4D2E-8D3F-EA2E643FEAE3}
		{EF6DFA6D-B9B4-4E6B-860E-4A4AA80B4060} = {6E093A62-E7FD-4E80-B38E-EACDECB2CD44}
		{D93F2D56-466D-483C-B114-327C26E6F4D4} = {CF36291E-D496-4D2E-8D3F-EA2E643FEAE3}
	EndGlobalSection
	GlobalSection(ExtensibilityGlobals) = postSolution
		SolutionGuid = {D4370799-C6DA-47D0-94F7-7F56FD9B7178}
	EndGlobalSection
EndGlobal
