
Microsoft Visual Studio Solution File, Format Version 12.00
# Visual Studio Version 17
VisualStudioVersion = 17.8.34302.71
MinimumVisualStudioVersion = 10.0.40219.1
Project("{2150E333-8FDC-42A3-9474-1A3956D46DE8}") = "0.Root", "0.Root", "{7B87D11D-B726-471E-A72C-F3B76C6553B5}"
	ProjectSection(SolutionItems) = preProject
		README.md = README.md
	EndProjectSection
EndProject
Project("{2150E333-8FDC-42A3-9474-1A3956D46DE8}") = "0.GitHub", "0.GitHub", "{1BE12CAB-B227-4099-863E-A7617CECEAB9}"
EndProject
Project("{2150E333-8FDC-42A3-9474-1A3956D46DE8}") = "ISSUE_TEMPLATE", "ISSUE_TEMPLATE", "{1BBFB1A8-7C66-41EE-BA2D-8A87EDDE1AE2}"
	ProjectSection(SolutionItems) = preProject
		.github\ISSUE_TEMPLATE\bug-report.en.md = .github\ISSUE_TEMPLATE\bug-report.en.md
		.github\ISSUE_TEMPLATE\bug-report.md = .github\ISSUE_TEMPLATE\bug-report.md
		.github\ISSUE_TEMPLATE\question.en.md = .github\ISSUE_TEMPLATE\question.en.md
		.github\ISSUE_TEMPLATE\question.md = .github\ISSUE_TEMPLATE\question.md
	EndProjectSection
EndProject
Project("{2150E333-8FDC-42A3-9474-1A3956D46DE8}") = "Workflows", "Workflows", "{059903F1-753D-4313-9253-9426F6AFD197}"
	ProjectSection(SolutionItems) = preProject
		.github\workflows\CI.yml = .github\workflows\CI.yml
	EndProjectSection
EndProject
Project("{2150E333-8FDC-42A3-9474-1A3956D46DE8}") = "1.Doc", "1.Doc", "{0D3AF3F5-C3C3-4068-8B3E-EA1947B1093E}"
	ProjectSection(SolutionItems) = preProject
		articles\Protobuf.md = articles\Protobuf.md
	EndProjectSection
EndProject
Project("{2150E333-8FDC-42A3-9474-1A3956D46DE8}") = "2.Src", "2.Src", "{9AA2E622-F320-45CA-BF70-9290780FFCC4}"
EndProject
Project("{2150E333-8FDC-42A3-9474-1A3956D46DE8}") = "0.Root", "0.Root", "{49150EE8-13DD-4798-AA83-D7C3B9C8B27F}"
	ProjectSection(SolutionItems) = preProject
		src\.editorconfig = src\.editorconfig
		src\Directory.Build.props = src\Directory.Build.props
		src\Directory.Build.targets = src\Directory.Build.targets
		ref\Common\src\Directory.Packages.props = ref\Common\src\Directory.Packages.props
	EndProjectSection
EndProject
Project("{2150E333-8FDC-42A3-9474-1A3956D46DE8}") = "2.SharedLibrary", "2.SharedLibrary", "{0CE5250A-9E2C-43A7-BE3F-763ADE47652E}"
EndProject
Project("{2150E333-8FDC-42A3-9474-1A3956D46DE8}") = "3.Tools", "3.Tools", "{DD64E1FB-3493-4661-9E23-7CC6F21F4761}"
EndProject
Project("{2150E333-8FDC-42A3-9474-1A3956D46DE8}") = "4.UnitTest", "4.UnitTest", "{FC370DF5-C59F-4463-B287-798679F6AC25}"
EndProject
Project("{9A19103F-16F7-4668-BE54-9A1E7A4F7556}") = "BD.SteamClient8", "src\BD.SteamClient8\BD.SteamClient8.csproj", "{D43C1445-8222-4223-B59B-08AC9D859F1E}"
EndProject
Project("{9A19103F-16F7-4668-BE54-9A1E7A4F7556}") = "Tools.Build", "src\Tools.Build\Tools.Build.csproj", "{B1059059-F554-4CC4-8C6F-7D8F4AF44B8B}"
EndProject
Project("{9A19103F-16F7-4668-BE54-9A1E7A4F7556}") = "Tools.DocFX", "src\Tools.DocFX\Tools.DocFX.csproj", "{DCF57D81-B75D-4656-96FB-556584F18126}"
EndProject
Project("{9A19103F-16F7-4668-BE54-9A1E7A4F7556}") = "Tools.Sort.PackageVersion", "src\Tools.Sort.PackageVersion\Tools.Sort.PackageVersion.csproj", "{A7B9F024-609D-495B-84EE-338AD375893D}"
EndProject
Project("{2150E333-8FDC-42A3-9474-1A3956D46DE8}") = "1.Reference", "1.Reference", "{C03124F2-9977-4ACC-A9A3-862A18F514A9}"
EndProject
Project("{9A19103F-16F7-4668-BE54-9A1E7A4F7556}") = "BD.Common8.SourceGenerator.ResX", "ref\Common\src\BD.Common8.SourceGenerator.ResX\BD.Common8.SourceGenerator.ResX.csproj", "{648923CD-F18C-4B15-A152-D29E71B5FFC4}"
EndProject
Project("{9A19103F-16F7-4668-BE54-9A1E7A4F7556}") = "BD.Common8.Bcl", "ref\Common\src\BD.Common8.Bcl\BD.Common8.Bcl.csproj", "{4D5A4471-0865-4407-84FA-04350D41E29B}"
EndProject
Project("{9A19103F-16F7-4668-BE54-9A1E7A4F7556}") = "BD.SteamClient8.UnitTest", "src\BD.SteamClient8.UnitTest\BD.SteamClient8.UnitTest.csproj", "{2A0FE23E-44F7-4911-8A22-31782DB22242}"
EndProject
Project("{9A19103F-16F7-4668-BE54-9A1E7A4F7556}") = "BD.SteamClient8.Models", "src\BD.SteamClient8.Models\BD.SteamClient8.Models.csproj", "{8E4F5BCC-BBAC-4412-9303-25138D6191E8}"
EndProject
Project("{9A19103F-16F7-4668-BE54-9A1E7A4F7556}") = "BD.SteamClient8.Primitives", "src\BD.SteamClient8.Primitives\BD.SteamClient8.Primitives.csproj", "{DAEB53D3-7B6F-44D3-94A3-D9695E5D7197}"
EndProject
Project("{9A19103F-16F7-4668-BE54-9A1E7A4F7556}") = "ValveKeyValue", "ref\ValveKeyValue\ValveKeyValue\ValveKeyValue\ValveKeyValue.csproj", "{FF904629-87CF-440D-A888-CD69DB2D2D88}"
EndProject
Project("{9A19103F-16F7-4668-BE54-9A1E7A4F7556}") = "BD.SteamClient8.ViewModels", "src\BD.SteamClient8.ViewModels\BD.SteamClient8.ViewModels.csproj", "{85D3AD5F-40E5-4701-9246-72459AFEF849}"
EndProject
Project("{9A19103F-16F7-4668-BE54-9A1E7A4F7556}") = "BD.SteamClient8.Impl", "src\BD.SteamClient8.Impl\BD.SteamClient8.Impl.csproj", "{2AC5DD20-057C-431C-A13D-34010421F4BB}"
EndProject
Project("{9A19103F-16F7-4668-BE54-9A1E7A4F7556}") = "BD.Common8.Crawler", "ref\Common\src\BD.Common8.Crawler\BD.Common8.Crawler.csproj", "{FD62C258-A1C0-498B-8DBE-4502E5BF6F56}"
EndProject
Project("{9A19103F-16F7-4668-BE54-9A1E7A4F7556}") = "BD.Common8.Primitives.ApiRsp", "ref\Common\src\BD.Common8.Primitives.ApiRsp\BD.Common8.Primitives.ApiRsp.csproj", "{4C44AB48-4745-4F9D-A27F-E3415DC1457E}"
EndProject
Project("{9A19103F-16F7-4668-BE54-9A1E7A4F7556}") = "BD.Common8.Primitives", "ref\Common\src\BD.Common8.Primitives\BD.Common8.Primitives.csproj", "{E97A23A2-3542-47E4-A6DC-B39D4FD36E53}"
EndProject
Project("{9A19103F-16F7-4668-BE54-9A1E7A4F7556}") = "BD.Common8.Primitives.ApiResponse", "ref\Common\src\BD.Common8.Primitives.ApiResponse\BD.Common8.Primitives.ApiResponse.csproj", "{4519DC60-0C95-454C-842C-3DE2E7100066}"
EndProject
Project("{9A19103F-16F7-4668-BE54-9A1E7A4F7556}") = "BD.Common8.Http.ClientFactory", "ref\Common\src\BD.Common8.Http.ClientFactory\BD.Common8.Http.ClientFactory.csproj", "{A32AD0B5-72D7-4770-A031-4CA54D9B6ADD}"
EndProject
Project("{9A19103F-16F7-4668-BE54-9A1E7A4F7556}") = "BD.Common8.Essentials", "ref\Common\src\BD.Common8.Essentials\BD.Common8.Essentials.csproj", "{59295D82-8079-4B2E-9D62-4547740ED175}"
EndProject
Project("{9A19103F-16F7-4668-BE54-9A1E7A4F7556}") = "BD.Common8.Primitives.Toast", "ref\Common\src\BD.Common8.Primitives.Toast\BD.Common8.Primitives.Toast.csproj", "{D8C98EBB-1DAB-4B50-81DA-49C237958FCF}"
EndProject
Project("{9A19103F-16F7-4668-BE54-9A1E7A4F7556}") = "BD.Common8.Toast", "ref\Common\src\BD.Common8.Toast\BD.Common8.Toast.csproj", "{06C6C545-0524-4174-AA12-9594A6145AC2}"
EndProject
Project("{9A19103F-16F7-4668-BE54-9A1E7A4F7556}") = "BD.Common8.Primitives.Essentials", "ref\Common\src\BD.Common8.Primitives.Essentials\BD.Common8.Primitives.Essentials.csproj", "{D4C41EB4-6743-4441-BD9E-2125A21561C3}"
EndProject
Project("{9A19103F-16F7-4668-BE54-9A1E7A4F7556}") = "BD.Common8.SourceGenerator.Bcl", "ref\Common\src\BD.Common8.SourceGenerator.Bcl\BD.Common8.SourceGenerator.Bcl.csproj", "{43C1EF31-FDC1-425D-B36D-740AB01A8F30}"
EndProject
Project("{9A19103F-16F7-4668-BE54-9A1E7A4F7556}") = "WinAuth", "src\WinAuth\WinAuth.csproj", "{B98DC6BD-026C-4AF9-8E5E-CAAE1E348189}"
EndProject
Project("{9A19103F-16F7-4668-BE54-9A1E7A4F7556}") = "BD.Common8.Security", "ref\Common\src\BD.Common8.Security\BD.Common8.Security.csproj", "{BF565EF1-8DA5-441F-9241-4F8F0E4E2C8C}"
EndProject
Global
	GlobalSection(SolutionConfigurationPlatforms) = preSolution
		Debug|Any CPU = Debug|Any CPU
		Release|Any CPU = Release|Any CPU
	EndGlobalSection
	GlobalSection(ProjectConfigurationPlatforms) = postSolution
		{D43C1445-8222-4223-B59B-08AC9D859F1E}.Debug|Any CPU.ActiveCfg = Debug|Any CPU
		{D43C1445-8222-4223-B59B-08AC9D859F1E}.Debug|Any CPU.Build.0 = Debug|Any CPU
		{D43C1445-8222-4223-B59B-08AC9D859F1E}.Release|Any CPU.ActiveCfg = Release|Any CPU
		{D43C1445-8222-4223-B59B-08AC9D859F1E}.Release|Any CPU.Build.0 = Release|Any CPU
		{B1059059-F554-4CC4-8C6F-7D8F4AF44B8B}.Debug|Any CPU.ActiveCfg = Debug|Any CPU
		{B1059059-F554-4CC4-8C6F-7D8F4AF44B8B}.Debug|Any CPU.Build.0 = Debug|Any CPU
		{B1059059-F554-4CC4-8C6F-7D8F4AF44B8B}.Release|Any CPU.ActiveCfg = Release|Any CPU
		{B1059059-F554-4CC4-8C6F-7D8F4AF44B8B}.Release|Any CPU.Build.0 = Release|Any CPU
		{DCF57D81-B75D-4656-96FB-556584F18126}.Debug|Any CPU.ActiveCfg = Debug|Any CPU
		{DCF57D81-B75D-4656-96FB-556584F18126}.Debug|Any CPU.Build.0 = Debug|Any CPU
		{DCF57D81-B75D-4656-96FB-556584F18126}.Release|Any CPU.ActiveCfg = Release|Any CPU
		{DCF57D81-B75D-4656-96FB-556584F18126}.Release|Any CPU.Build.0 = Release|Any CPU
		{A7B9F024-609D-495B-84EE-338AD375893D}.Debug|Any CPU.ActiveCfg = Debug|Any CPU
		{A7B9F024-609D-495B-84EE-338AD375893D}.Debug|Any CPU.Build.0 = Debug|Any CPU
		{A7B9F024-609D-495B-84EE-338AD375893D}.Release|Any CPU.ActiveCfg = Release|Any CPU
		{A7B9F024-609D-495B-84EE-338AD375893D}.Release|Any CPU.Build.0 = Release|Any CPU
		{648923CD-F18C-4B15-A152-D29E71B5FFC4}.Debug|Any CPU.ActiveCfg = Debug|Any CPU
		{648923CD-F18C-4B15-A152-D29E71B5FFC4}.Debug|Any CPU.Build.0 = Debug|Any CPU
		{648923CD-F18C-4B15-A152-D29E71B5FFC4}.Release|Any CPU.ActiveCfg = Release|Any CPU
		{648923CD-F18C-4B15-A152-D29E71B5FFC4}.Release|Any CPU.Build.0 = Release|Any CPU
		{4D5A4471-0865-4407-84FA-04350D41E29B}.Debug|Any CPU.ActiveCfg = Debug|Any CPU
		{4D5A4471-0865-4407-84FA-04350D41E29B}.Debug|Any CPU.Build.0 = Debug|Any CPU
		{4D5A4471-0865-4407-84FA-04350D41E29B}.Release|Any CPU.ActiveCfg = Release|Any CPU
		{4D5A4471-0865-4407-84FA-04350D41E29B}.Release|Any CPU.Build.0 = Release|Any CPU
		{2A0FE23E-44F7-4911-8A22-31782DB22242}.Debug|Any CPU.ActiveCfg = Debug|Any CPU
		{2A0FE23E-44F7-4911-8A22-31782DB22242}.Debug|Any CPU.Build.0 = Debug|Any CPU
		{2A0FE23E-44F7-4911-8A22-31782DB22242}.Release|Any CPU.ActiveCfg = Release|Any CPU
		{2A0FE23E-44F7-4911-8A22-31782DB22242}.Release|Any CPU.Build.0 = Release|Any CPU
		{8E4F5BCC-BBAC-4412-9303-25138D6191E8}.Debug|Any CPU.ActiveCfg = Debug|Any CPU
		{8E4F5BCC-BBAC-4412-9303-25138D6191E8}.Debug|Any CPU.Build.0 = Debug|Any CPU
		{8E4F5BCC-BBAC-4412-9303-25138D6191E8}.Release|Any CPU.ActiveCfg = Release|Any CPU
		{8E4F5BCC-BBAC-4412-9303-25138D6191E8}.Release|Any CPU.Build.0 = Release|Any CPU
		{DAEB53D3-7B6F-44D3-94A3-D9695E5D7197}.Debug|Any CPU.ActiveCfg = Debug|Any CPU
		{DAEB53D3-7B6F-44D3-94A3-D9695E5D7197}.Debug|Any CPU.Build.0 = Debug|Any CPU
		{DAEB53D3-7B6F-44D3-94A3-D9695E5D7197}.Release|Any CPU.ActiveCfg = Release|Any CPU
		{DAEB53D3-7B6F-44D3-94A3-D9695E5D7197}.Release|Any CPU.Build.0 = Release|Any CPU
		{FF904629-87CF-440D-A888-CD69DB2D2D88}.Debug|Any CPU.ActiveCfg = Debug|Any CPU
		{FF904629-87CF-440D-A888-CD69DB2D2D88}.Debug|Any CPU.Build.0 = Debug|Any CPU
		{FF904629-87CF-440D-A888-CD69DB2D2D88}.Release|Any CPU.ActiveCfg = Release|Any CPU
		{FF904629-87CF-440D-A888-CD69DB2D2D88}.Release|Any CPU.Build.0 = Release|Any CPU
		{85D3AD5F-40E5-4701-9246-72459AFEF849}.Debug|Any CPU.ActiveCfg = Debug|Any CPU
		{85D3AD5F-40E5-4701-9246-72459AFEF849}.Debug|Any CPU.Build.0 = Debug|Any CPU
		{85D3AD5F-40E5-4701-9246-72459AFEF849}.Release|Any CPU.ActiveCfg = Release|Any CPU
		{85D3AD5F-40E5-4701-9246-72459AFEF849}.Release|Any CPU.Build.0 = Release|Any CPU
		{2AC5DD20-057C-431C-A13D-34010421F4BB}.Debug|Any CPU.ActiveCfg = Debug|Any CPU
		{2AC5DD20-057C-431C-A13D-34010421F4BB}.Debug|Any CPU.Build.0 = Debug|Any CPU
		{2AC5DD20-057C-431C-A13D-34010421F4BB}.Release|Any CPU.ActiveCfg = Release|Any CPU
		{2AC5DD20-057C-431C-A13D-34010421F4BB}.Release|Any CPU.Build.0 = Release|Any CPU
		{FD62C258-A1C0-498B-8DBE-4502E5BF6F56}.Debug|Any CPU.ActiveCfg = Debug|Any CPU
		{FD62C258-A1C0-498B-8DBE-4502E5BF6F56}.Debug|Any CPU.Build.0 = Debug|Any CPU
		{FD62C258-A1C0-498B-8DBE-4502E5BF6F56}.Release|Any CPU.ActiveCfg = Release|Any CPU
		{FD62C258-A1C0-498B-8DBE-4502E5BF6F56}.Release|Any CPU.Build.0 = Release|Any CPU
		{4C44AB48-4745-4F9D-A27F-E3415DC1457E}.Debug|Any CPU.ActiveCfg = Debug|Any CPU
		{4C44AB48-4745-4F9D-A27F-E3415DC1457E}.Debug|Any CPU.Build.0 = Debug|Any CPU
		{4C44AB48-4745-4F9D-A27F-E3415DC1457E}.Release|Any CPU.ActiveCfg = Release|Any CPU
		{4C44AB48-4745-4F9D-A27F-E3415DC1457E}.Release|Any CPU.Build.0 = Release|Any CPU
		{E97A23A2-3542-47E4-A6DC-B39D4FD36E53}.Debug|Any CPU.ActiveCfg = Debug|Any CPU
		{E97A23A2-3542-47E4-A6DC-B39D4FD36E53}.Debug|Any CPU.Build.0 = Debug|Any CPU
		{E97A23A2-3542-47E4-A6DC-B39D4FD36E53}.Release|Any CPU.ActiveCfg = Release|Any CPU
		{E97A23A2-3542-47E4-A6DC-B39D4FD36E53}.Release|Any CPU.Build.0 = Release|Any CPU
		{4519DC60-0C95-454C-842C-3DE2E7100066}.Debug|Any CPU.ActiveCfg = Debug|Any CPU
		{4519DC60-0C95-454C-842C-3DE2E7100066}.Debug|Any CPU.Build.0 = Debug|Any CPU
		{4519DC60-0C95-454C-842C-3DE2E7100066}.Release|Any CPU.ActiveCfg = Release|Any CPU
		{4519DC60-0C95-454C-842C-3DE2E7100066}.Release|Any CPU.Build.0 = Release|Any CPU
		{A32AD0B5-72D7-4770-A031-4CA54D9B6ADD}.Debug|Any CPU.ActiveCfg = Debug|Any CPU
		{A32AD0B5-72D7-4770-A031-4CA54D9B6ADD}.Debug|Any CPU.Build.0 = Debug|Any CPU
		{A32AD0B5-72D7-4770-A031-4CA54D9B6ADD}.Release|Any CPU.ActiveCfg = Release|Any CPU
		{A32AD0B5-72D7-4770-A031-4CA54D9B6ADD}.Release|Any CPU.Build.0 = Release|Any CPU
		{59295D82-8079-4B2E-9D62-4547740ED175}.Debug|Any CPU.ActiveCfg = Debug|Any CPU
		{59295D82-8079-4B2E-9D62-4547740ED175}.Debug|Any CPU.Build.0 = Debug|Any CPU
		{59295D82-8079-4B2E-9D62-4547740ED175}.Release|Any CPU.ActiveCfg = Release|Any CPU
		{59295D82-8079-4B2E-9D62-4547740ED175}.Release|Any CPU.Build.0 = Release|Any CPU
		{D8C98EBB-1DAB-4B50-81DA-49C237958FCF}.Debug|Any CPU.ActiveCfg = Debug|Any CPU
		{D8C98EBB-1DAB-4B50-81DA-49C237958FCF}.Debug|Any CPU.Build.0 = Debug|Any CPU
		{D8C98EBB-1DAB-4B50-81DA-49C237958FCF}.Release|Any CPU.ActiveCfg = Release|Any CPU
		{D8C98EBB-1DAB-4B50-81DA-49C237958FCF}.Release|Any CPU.Build.0 = Release|Any CPU
		{06C6C545-0524-4174-AA12-9594A6145AC2}.Debug|Any CPU.ActiveCfg = Debug|Any CPU
		{06C6C545-0524-4174-AA12-9594A6145AC2}.Debug|Any CPU.Build.0 = Debug|Any CPU
		{06C6C545-0524-4174-AA12-9594A6145AC2}.Release|Any CPU.ActiveCfg = Release|Any CPU
		{06C6C545-0524-4174-AA12-9594A6145AC2}.Release|Any CPU.Build.0 = Release|Any CPU
		{D4C41EB4-6743-4441-BD9E-2125A21561C3}.Debug|Any CPU.ActiveCfg = Debug|Any CPU
		{D4C41EB4-6743-4441-BD9E-2125A21561C3}.Debug|Any CPU.Build.0 = Debug|Any CPU
		{D4C41EB4-6743-4441-BD9E-2125A21561C3}.Release|Any CPU.ActiveCfg = Release|Any CPU
		{D4C41EB4-6743-4441-BD9E-2125A21561C3}.Release|Any CPU.Build.0 = Release|Any CPU
		{43C1EF31-FDC1-425D-B36D-740AB01A8F30}.Debug|Any CPU.ActiveCfg = Debug|Any CPU
		{43C1EF31-FDC1-425D-B36D-740AB01A8F30}.Debug|Any CPU.Build.0 = Debug|Any CPU
		{43C1EF31-FDC1-425D-B36D-740AB01A8F30}.Release|Any CPU.ActiveCfg = Release|Any CPU
		{43C1EF31-FDC1-425D-B36D-740AB01A8F30}.Release|Any CPU.Build.0 = Release|Any CPU
		{B98DC6BD-026C-4AF9-8E5E-CAAE1E348189}.Debug|Any CPU.ActiveCfg = Debug|Any CPU
		{B98DC6BD-026C-4AF9-8E5E-CAAE1E348189}.Debug|Any CPU.Build.0 = Debug|Any CPU
		{B98DC6BD-026C-4AF9-8E5E-CAAE1E348189}.Release|Any CPU.ActiveCfg = Release|Any CPU
		{B98DC6BD-026C-4AF9-8E5E-CAAE1E348189}.Release|Any CPU.Build.0 = Release|Any CPU
		{BF565EF1-8DA5-441F-9241-4F8F0E4E2C8C}.Debug|Any CPU.ActiveCfg = Debug|Any CPU
		{BF565EF1-8DA5-441F-9241-4F8F0E4E2C8C}.Debug|Any CPU.Build.0 = Debug|Any CPU
		{BF565EF1-8DA5-441F-9241-4F8F0E4E2C8C}.Release|Any CPU.ActiveCfg = Release|Any CPU
		{BF565EF1-8DA5-441F-9241-4F8F0E4E2C8C}.Release|Any CPU.Build.0 = Release|Any CPU
	EndGlobalSection
	GlobalSection(SolutionProperties) = preSolution
		HideSolutionNode = FALSE
	EndGlobalSection
	GlobalSection(NestedProjects) = preSolution
		{1BE12CAB-B227-4099-863E-A7617CECEAB9} = {7B87D11D-B726-471E-A72C-F3B76C6553B5}
		{1BBFB1A8-7C66-41EE-BA2D-8A87EDDE1AE2} = {1BE12CAB-B227-4099-863E-A7617CECEAB9}
		{059903F1-753D-4313-9253-9426F6AFD197} = {1BE12CAB-B227-4099-863E-A7617CECEAB9}
		{49150EE8-13DD-4798-AA83-D7C3B9C8B27F} = {9AA2E622-F320-45CA-BF70-9290780FFCC4}
		{0CE5250A-9E2C-43A7-BE3F-763ADE47652E} = {9AA2E622-F320-45CA-BF70-9290780FFCC4}
		{DD64E1FB-3493-4661-9E23-7CC6F21F4761} = {9AA2E622-F320-45CA-BF70-9290780FFCC4}
		{FC370DF5-C59F-4463-B287-798679F6AC25} = {9AA2E622-F320-45CA-BF70-9290780FFCC4}
		{D43C1445-8222-4223-B59B-08AC9D859F1E} = {0CE5250A-9E2C-43A7-BE3F-763ADE47652E}
		{B1059059-F554-4CC4-8C6F-7D8F4AF44B8B} = {DD64E1FB-3493-4661-9E23-7CC6F21F4761}
		{DCF57D81-B75D-4656-96FB-556584F18126} = {DD64E1FB-3493-4661-9E23-7CC6F21F4761}
		{A7B9F024-609D-495B-84EE-338AD375893D} = {DD64E1FB-3493-4661-9E23-7CC6F21F4761}
		{C03124F2-9977-4ACC-A9A3-862A18F514A9} = {9AA2E622-F320-45CA-BF70-9290780FFCC4}
		{648923CD-F18C-4B15-A152-D29E71B5FFC4} = {C03124F2-9977-4ACC-A9A3-862A18F514A9}
		{4D5A4471-0865-4407-84FA-04350D41E29B} = {C03124F2-9977-4ACC-A9A3-862A18F514A9}
		{2A0FE23E-44F7-4911-8A22-31782DB22242} = {FC370DF5-C59F-4463-B287-798679F6AC25}
		{8E4F5BCC-BBAC-4412-9303-25138D6191E8} = {0CE5250A-9E2C-43A7-BE3F-763ADE47652E}
		{DAEB53D3-7B6F-44D3-94A3-D9695E5D7197} = {0CE5250A-9E2C-43A7-BE3F-763ADE47652E}
		{FF904629-87CF-440D-A888-CD69DB2D2D88} = {C03124F2-9977-4ACC-A9A3-862A18F514A9}
		{85D3AD5F-40E5-4701-9246-72459AFEF849} = {0CE5250A-9E2C-43A7-BE3F-763ADE47652E}
		{2AC5DD20-057C-431C-A13D-34010421F4BB} = {0CE5250A-9E2C-43A7-BE3F-763ADE47652E}
		{FD62C258-A1C0-498B-8DBE-4502E5BF6F56} = {C03124F2-9977-4ACC-A9A3-862A18F514A9}
		{4C44AB48-4745-4F9D-A27F-E3415DC1457E} = {C03124F2-9977-4ACC-A9A3-862A18F514A9}
		{E97A23A2-3542-47E4-A6DC-B39D4FD36E53} = {C03124F2-9977-4ACC-A9A3-862A18F514A9}
		{4519DC60-0C95-454C-842C-3DE2E7100066} = {C03124F2-9977-4ACC-A9A3-862A18F514A9}
		{A32AD0B5-72D7-4770-A031-4CA54D9B6ADD} = {C03124F2-9977-4ACC-A9A3-862A18F514A9}
		{59295D82-8079-4B2E-9D62-4547740ED175} = {C03124F2-9977-4ACC-A9A3-862A18F514A9}
		{D8C98EBB-1DAB-4B50-81DA-49C237958FCF} = {C03124F2-9977-4ACC-A9A3-862A18F514A9}
		{06C6C545-0524-4174-AA12-9594A6145AC2} = {C03124F2-9977-4ACC-A9A3-862A18F514A9}
		{D4C41EB4-6743-4441-BD9E-2125A21561C3} = {C03124F2-9977-4ACC-A9A3-862A18F514A9}
		{43C1EF31-FDC1-425D-B36D-740AB01A8F30} = {C03124F2-9977-4ACC-A9A3-862A18F514A9}
		{B98DC6BD-026C-4AF9-8E5E-CAAE1E348189} = {0CE5250A-9E2C-43A7-BE3F-763ADE47652E}
		{BF565EF1-8DA5-441F-9241-4F8F0E4E2C8C} = {C03124F2-9977-4ACC-A9A3-862A18F514A9}
	EndGlobalSection
	GlobalSection(ExtensibilityGlobals) = postSolution
		SolutionGuid = {2F80A561-CAE0-4797-B779-42B29CA75687}
	EndGlobalSection
EndGlobal
